
Microsoft Visual Studio Solution File, Format Version 12.00
# Visual Studio Version 17
VisualStudioVersion = 17.0.31612.314
MinimumVisualStudioVersion = 10.0.40219.1
Project("{FAE04EC0-301F-11D3-BF4B-00C04F79EFBC}") = "FileSharing", "FileSharing\FileSharing.csproj", "{C0455773-5B4E-4AE6-99E7-353AA90ABF19}"
EndProject
Global
	GlobalSection(SolutionConfigurationPlatforms) = preSolution
		Debug|Any CPU = Debug|Any CPU
		Release|Any CPU = Release|Any CPU
	EndGlobalSection
	GlobalSection(ProjectConfigurationPlatforms) = postSolution
		{C0455773-5B4E-4AE6-99E7-353AA90ABF19}.Debug|Any CPU.ActiveCfg = Debug|Any CPU
		{C0455773-5B4E-4AE6-99E7-353AA90ABF19}.Debug|Any CPU.Build.0 = Debug|Any CPU
		{C0455773-5B4E-4AE6-99E7-353AA90ABF19}.Release|Any CPU.ActiveCfg = Release|Any CPU
		{C0455773-5B4E-4AE6-99E7-353AA90ABF19}.Release|Any CPU.Build.0 = Release|Any CPU
	EndGlobalSection
	GlobalSection(SolutionProperties) = preSolution
		HideSolutionNode = FALSE
	EndGlobalSection
	GlobalSection(ExtensibilityGlobals) = postSolution
		SolutionGuid = {4708FBAA-ED22-4FAA-B8BC-2BD210D09F8F}
	EndGlobalSection
EndGlobal
